
Microsoft Visual Studio Solution File, Format Version 12.00
# Visual Studio Version 17
VisualStudioVersion = 17.14.36429.23
MinimumVisualStudioVersion = 10.0.40219.1
Project("{FAE04EC0-301F-11D3-BF4B-00C04F79EFBC}") = "1.het_delegaltak", "1.het_delegaltak\1.het_delegaltak.csproj", "{57FDE776-A36F-4EA5-8BE3-76E18EEB26CE}"
EndProject
Project("{FAE04EC0-301F-11D3-BF4B-00C04F79EFBC}") = "2.het_esemenykezeles", "2.het_esemenykezeles\2.het_esemenykezeles.csproj", "{D095B9F7-5D34-4183-B451-00D510D1D05B}"
EndProject
Project("{FAE04EC0-301F-11D3-BF4B-00C04F79EFBC}") = "3.het_fileokEsKonyvtarak", "3.het_fileokEsKonyvtarak\3.het_fileokEsKonyvtarak.csproj", "{03BEFE20-7017-43BF-B3C5-C58978A0668A}"
EndProject
Project("{FAE04EC0-301F-11D3-BF4B-00C04F79EFBC}") = "4.het_linq", "4.het_linq\4.het_linq.csproj", "{08BB8CF8-8E62-45B7-B21D-80CA1FFB1D67}"
EndProject
Project("{FAE04EC0-301F-11D3-BF4B-00C04F79EFBC}") = "5.het_lab_1", "5.het_lab\5.het_lab_1.csproj", "{5737F50C-2E33-4013-91EE-729EEF28C49C}"
EndProject
Project("{FAE04EC0-301F-11D3-BF4B-00C04F79EFBC}") = "5.het_lab_2", "5.het_lab_2\5.het_lab_2.csproj", "{A4163902-9956-498D-BD79-1A75BC6FF9D8}"
EndProject
Project("{FAE04EC0-301F-11D3-BF4B-00C04F79EFBC}") = "5.het_lab_3", "5.het_lab_3\5.het_lab_3.csproj", "{76DB07BF-4791-4B93-8EA4-A09372AD3689}"
EndProject
Project("{FAE04EC0-301F-11D3-BF4B-00C04F79EFBC}") = "5.het_lab_4", "5.het_lab_4\5.het_lab_4.csproj", "{DC07EE4A-0517-48AF-B9C2-1BCBAD333480}"
EndProject
Global
	GlobalSection(SolutionConfigurationPlatforms) = preSolution
		Debug|Any CPU = Debug|Any CPU
		Release|Any CPU = Release|Any CPU
	EndGlobalSection
	GlobalSection(ProjectConfigurationPlatforms) = postSolution
		{57FDE776-A36F-4EA5-8BE3-76E18EEB26CE}.Debug|Any CPU.ActiveCfg = Debug|Any CPU
		{57FDE776-A36F-4EA5-8BE3-76E18EEB26CE}.Debug|Any CPU.Build.0 = Debug|Any CPU
		{57FDE776-A36F-4EA5-8BE3-76E18EEB26CE}.Release|Any CPU.ActiveCfg = Release|Any CPU
		{57FDE776-A36F-4EA5-8BE3-76E18EEB26CE}.Release|Any CPU.Build.0 = Release|Any CPU
		{D095B9F7-5D34-4183-B451-00D510D1D05B}.Debug|Any CPU.ActiveCfg = Debug|Any CPU
		{D095B9F7-5D34-4183-B451-00D510D1D05B}.Debug|Any CPU.Build.0 = Debug|Any CPU
		{D095B9F7-5D34-4183-B451-00D510D1D05B}.Release|Any CPU.ActiveCfg = Release|Any CPU
		{D095B9F7-5D34-4183-B451-00D510D1D05B}.Release|Any CPU.Build.0 = Release|Any CPU
		{03BEFE20-7017-43BF-B3C5-C58978A0668A}.Debug|Any CPU.ActiveCfg = Debug|Any CPU
		{03BEFE20-7017-43BF-B3C5-C58978A0668A}.Debug|Any CPU.Build.0 = Debug|Any CPU
		{03BEFE20-7017-43BF-B3C5-C58978A0668A}.Release|Any CPU.ActiveCfg = Release|Any CPU
		{03BEFE20-7017-43BF-B3C5-C58978A0668A}.Release|Any CPU.Build.0 = Release|Any CPU
		{08BB8CF8-8E62-45B7-B21D-80CA1FFB1D67}.Debug|Any CPU.ActiveCfg = Debug|Any CPU
		{08BB8CF8-8E62-45B7-B21D-80CA1FFB1D67}.Debug|Any CPU.Build.0 = Debug|Any CPU
		{08BB8CF8-8E62-45B7-B21D-80CA1FFB1D67}.Release|Any CPU.ActiveCfg = Release|Any CPU
		{08BB8CF8-8E62-45B7-B21D-80CA1FFB1D67}.Release|Any CPU.Build.0 = Release|Any CPU
		{5737F50C-2E33-4013-91EE-729EEF28C49C}.Debug|Any CPU.ActiveCfg = Debug|Any CPU
		{5737F50C-2E33-4013-91EE-729EEF28C49C}.Debug|Any CPU.Build.0 = Debug|Any CPU
		{5737F50C-2E33-4013-91EE-729EEF28C49C}.Release|Any CPU.ActiveCfg = Release|Any CPU
		{5737F50C-2E33-4013-91EE-729EEF28C49C}.Release|Any CPU.Build.0 = Release|Any CPU
		{A4163902-9956-498D-BD79-1A75BC6FF9D8}.Debug|Any CPU.ActiveCfg = Debug|Any CPU
		{A4163902-9956-498D-BD79-1A75BC6FF9D8}.Debug|Any CPU.Build.0 = Debug|Any CPU
		{A4163902-9956-498D-BD79-1A75BC6FF9D8}.Release|Any CPU.ActiveCfg = Release|Any CPU
		{A4163902-9956-498D-BD79-1A75BC6FF9D8}.Release|Any CPU.Build.0 = Release|Any CPU
		{76DB07BF-4791-4B93-8EA4-A09372AD3689}.Debug|Any CPU.ActiveCfg = Debug|Any CPU
		{76DB07BF-4791-4B93-8EA4-A09372AD3689}.Debug|Any CPU.Build.0 = Debug|Any CPU
		{76DB07BF-4791-4B93-8EA4-A09372AD3689}.Release|Any CPU.ActiveCfg = Release|Any CPU
		{76DB07BF-4791-4B93-8EA4-A09372AD3689}.Release|Any CPU.Build.0 = Release|Any CPU
		{DC07EE4A-0517-48AF-B9C2-1BCBAD333480}.Debug|Any CPU.ActiveCfg = Debug|Any CPU
		{DC07EE4A-0517-48AF-B9C2-1BCBAD333480}.Debug|Any CPU.Build.0 = Debug|Any CPU
		{DC07EE4A-0517-48AF-B9C2-1BCBAD333480}.Release|Any CPU.ActiveCfg = Release|Any CPU
		{DC07EE4A-0517-48AF-B9C2-1BCBAD333480}.Release|Any CPU.Build.0 = Release|Any CPU
	EndGlobalSection
	GlobalSection(SolutionProperties) = preSolution
		HideSolutionNode = FALSE
	EndGlobalSection
	GlobalSection(ExtensibilityGlobals) = postSolution
		SolutionGuid = {5DFF06E6-B34A-444F-99B0-CEFBD570B3F5}
	EndGlobalSection
EndGlobal
